
Microsoft Visual Studio Solution File, Format Version 12.00
# Visual Studio Version 17
VisualStudioVersion = 17.14.37502.11 d17.14
MinimumVisualStudioVersion = 10.0.40219.1
Project("{FAE04EC0-301F-11D3-BF4B-00C04F79EFBC}") = "ADV Assignment", "ADV Assignment\ADV Assignment.csproj", "{831AAF2E-A6D0-4767-BF5A-59FFDB732CA8}"
EndProject
Global
	GlobalSection(SolutionConfigurationPlatforms) = preSolution
		Debug|Any CPU = Debug|Any CPU
		Release|Any CPU = Release|Any CPU
	EndGlobalSection
	GlobalSection(ProjectConfigurationPlatforms) = postSolution
		{831AAF2E-A6D0-4767-BF5A-59FFDB732CA8}.Debug|Any CPU.ActiveCfg = Debug|Any CPU
		{831AAF2E-A6D0-4767-BF5A-59FFDB732CA8}.Debug|Any CPU.Build.0 = Debug|Any CPU
		{831AAF2E-A6D0-4767-BF5A-59FFDB732CA8}.Release|Any CPU.ActiveCfg = Release|Any CPU
		{831AAF2E-A6D0-4767-BF5A-59FFDB732CA8}.Release|Any CPU.Build.0 = Release|Any CPU
	EndGlobalSection
	GlobalSection(SolutionProperties) = preSolution
		HideSolutionNode = FALSE
	EndGlobalSection
	GlobalSection(ExtensibilityGlobals) = postSolution
		SolutionGuid = {7B0A9A3E-3772-4A10-9183-1487189C0C36}
	EndGlobalSection
EndGlobal
